
Microsoft Visual Studio Solution File, Format Version 12.00
# Visual Studio Version 17
VisualStudioVersion = 17.2.32505.173
MinimumVisualStudioVersion = 10.0.40219.1
Project("{FAE04EC0-301F-11D3-BF4B-00C04F79EFBC}") = "TcpSupport", "TcpSupport\TcpSupport.csproj", "{C675E3BF-FA8E-4240-9320-C7820A0CC972}"
EndProject
Project("{FAE04EC0-301F-11D3-BF4B-00C04F79EFBC}") = "Serialize", "Serialize\Serialize.csproj", "{B1882EE6-62C9-47F5-8DB1-AF7D8FE47AF4}"
EndProject
Project("{FAE04EC0-301F-11D3-BF4B-00C04F79EFBC}") = "VisionSupport", "VisionSupport\VisionSupport.csproj", "{E2604216-D375-4BBB-B123-ADC2AF4C363B}"
EndProject
Project("{FAE04EC0-301F-11D3-BF4B-00C04F79EFBC}") = "Utilities", "Utilities\Utilities.csproj", "{AFF740E5-7A0D-41B3-8345-F2C74E4E3C2B}"
EndProject
Project("{FAE04EC0-301F-11D3-BF4B-00C04F79EFBC}") = "PylonControl", "PylonControl\PylonControl.csproj", "{09B89005-57A6-4A87-AF2A-904CD1FAD754}"
EndProject
Project("{2150E333-8FDC-42A3-9474-1A3956D46DE8}") = "TestCase", "TestCase", "{A0516935-8A34-4961-A41D-202C7BB54246}"
EndProject
Project("{2150E333-8FDC-42A3-9474-1A3956D46DE8}") = "Client", "Client", "{060ED816-E328-4E3A-97D5-A616103CB01C}"
EndProject
Project("{2150E333-8FDC-42A3-9474-1A3956D46DE8}") = "Server", "Server", "{AE049EA6-B64E-442B-8F10-0839B0EE8C00}"
EndProject
Project("{FAE04EC0-301F-11D3-BF4B-00C04F79EFBC}") = "Client.Ver1", "Client.Ver1\Client.Ver1.csproj", "{238319B7-C5DE-4A4C-B1C4-69FF9BC6CA05}"
EndProject
Project("{FAE04EC0-301F-11D3-BF4B-00C04F79EFBC}") = "PylonSupport", "PylonSupport\PylonSupport.csproj", "{0DCCBF2A-8274-4BF8-A68D-CE4CE0BA80F2}"
EndProject
Project("{2150E333-8FDC-42A3-9474-1A3956D46DE8}") = "VisionControl", "VisionControl", "{6FDC5B44-9106-4F42-AFC3-789CF8ED79BE}"
EndProject
Project("{FAE04EC0-301F-11D3-BF4B-00C04F79EFBC}") = "InOutTerminalCollectionTable", "InOutTerminalCollectionTable\InOutTerminalCollectionTable.csproj", "{5930BF8C-4201-4AEB-8703-AF30E7369D11}"
EndProject
Project("{FAE04EC0-301F-11D3-BF4B-00C04F79EFBC}") = "TaktTimeTable", "TaktTimeTable\TaktTimeTable.csproj", "{4DCA05F4-5D98-42CB-94BF-BB23F42A7484}"
EndProject
Project("{FAE04EC0-301F-11D3-BF4B-00C04F79EFBC}") = "Server.Ver1", "Server.Ver1\Server.Ver1.csproj", "{4AE26239-7578-49CA-9F34-2D6971CDF0C4}"
EndProject
Project("{2150E333-8FDC-42A3-9474-1A3956D46DE8}") = "TestCommand", "TestCommand", "{0FE7B478-F430-45C2-8C3B-CA3B47693B9D}"
EndProject
Project("{FAE04EC0-301F-11D3-BF4B-00C04F79EFBC}") = "Test1", "Test1\Test1.csproj", "{751B2D2D-3CA9-4481-9817-5C22331A9E9B}"
EndProject
Project("{FAE04EC0-301F-11D3-BF4B-00C04F79EFBC}") = "ToolBlockInfoTable", "ToolBlockInfoTable\ToolBlockInfoTable.csproj", "{4515966A-719F-4B79-BD7E-B4F686120BEB}"
EndProject
Global
	GlobalSection(SolutionConfigurationPlatforms) = preSolution
		Debug|Any CPU = Debug|Any CPU
		Release|Any CPU = Release|Any CPU
	EndGlobalSection
	GlobalSection(ProjectConfigurationPlatforms) = postSolution
		{C675E3BF-FA8E-4240-9320-C7820A0CC972}.Debug|Any CPU.ActiveCfg = Debug|Any CPU
		{C675E3BF-FA8E-4240-9320-C7820A0CC972}.Debug|Any CPU.Build.0 = Debug|Any CPU
		{C675E3BF-FA8E-4240-9320-C7820A0CC972}.Release|Any CPU.ActiveCfg = Release|Any CPU
		{C675E3BF-FA8E-4240-9320-C7820A0CC972}.Release|Any CPU.Build.0 = Release|Any CPU
		{B1882EE6-62C9-47F5-8DB1-AF7D8FE47AF4}.Debug|Any CPU.ActiveCfg = Debug|Any CPU
		{B1882EE6-62C9-47F5-8DB1-AF7D8FE47AF4}.Debug|Any CPU.Build.0 = Debug|Any CPU
		{B1882EE6-62C9-47F5-8DB1-AF7D8FE47AF4}.Release|Any CPU.ActiveCfg = Release|Any CPU
		{B1882EE6-62C9-47F5-8DB1-AF7D8FE47AF4}.Release|Any CPU.Build.0 = Release|Any CPU
		{E2604216-D375-4BBB-B123-ADC2AF4C363B}.Debug|Any CPU.ActiveCfg = Debug|Any CPU
		{E2604216-D375-4BBB-B123-ADC2AF4C363B}.Debug|Any CPU.Build.0 = Debug|Any CPU
		{E2604216-D375-4BBB-B123-ADC2AF4C363B}.Release|Any CPU.ActiveCfg = Release|Any CPU
		{E2604216-D375-4BBB-B123-ADC2AF4C363B}.Release|Any CPU.Build.0 = Release|Any CPU
		{AFF740E5-7A0D-41B3-8345-F2C74E4E3C2B}.Debug|Any CPU.ActiveCfg = Debug|Any CPU
		{AFF740E5-7A0D-41B3-8345-F2C74E4E3C2B}.Debug|Any CPU.Build.0 = Debug|Any CPU
		{AFF740E5-7A0D-41B3-8345-F2C74E4E3C2B}.Release|Any CPU.ActiveCfg = Release|Any CPU
		{AFF740E5-7A0D-41B3-8345-F2C74E4E3C2B}.Release|Any CPU.Build.0 = Release|Any CPU
		{09B89005-57A6-4A87-AF2A-904CD1FAD754}.Debug|Any CPU.ActiveCfg = Debug|Any CPU
		{09B89005-57A6-4A87-AF2A-904CD1FAD754}.Debug|Any CPU.Build.0 = Debug|Any CPU
		{09B89005-57A6-4A87-AF2A-904CD1FAD754}.Release|Any CPU.ActiveCfg = Release|Any CPU
		{09B89005-57A6-4A87-AF2A-904CD1FAD754}.Release|Any CPU.Build.0 = Release|Any CPU
		{238319B7-C5DE-4A4C-B1C4-69FF9BC6CA05}.Debug|Any CPU.ActiveCfg = Debug|Any CPU
		{238319B7-C5DE-4A4C-B1C4-69FF9BC6CA05}.Debug|Any CPU.Build.0 = Debug|Any CPU
		{238319B7-C5DE-4A4C-B1C4-69FF9BC6CA05}.Release|Any CPU.ActiveCfg = Release|Any CPU
		{238319B7-C5DE-4A4C-B1C4-69FF9BC6CA05}.Release|Any CPU.Build.0 = Release|Any CPU
		{0DCCBF2A-8274-4BF8-A68D-CE4CE0BA80F2}.Debug|Any CPU.ActiveCfg = Debug|Any CPU
		{0DCCBF2A-8274-4BF8-A68D-CE4CE0BA80F2}.Debug|Any CPU.Build.0 = Debug|Any CPU
		{0DCCBF2A-8274-4BF8-A68D-CE4CE0BA80F2}.Release|Any CPU.ActiveCfg = Release|Any CPU
		{0DCCBF2A-8274-4BF8-A68D-CE4CE0BA80F2}.Release|Any CPU.Build.0 = Release|Any CPU
		{5930BF8C-4201-4AEB-8703-AF30E7369D11}.Debug|Any CPU.ActiveCfg = Debug|Any CPU
		{5930BF8C-4201-4AEB-8703-AF30E7369D11}.Debug|Any CPU.Build.0 = Debug|Any CPU
		{5930BF8C-4201-4AEB-8703-AF30E7369D11}.Release|Any CPU.ActiveCfg = Release|Any CPU
		{5930BF8C-4201-4AEB-8703-AF30E7369D11}.Release|Any CPU.Build.0 = Release|Any CPU
		{4DCA05F4-5D98-42CB-94BF-BB23F42A7484}.Debug|Any CPU.ActiveCfg = Debug|Any CPU
		{4DCA05F4-5D98-42CB-94BF-BB23F42A7484}.Debug|Any CPU.Build.0 = Debug|Any CPU
		{4DCA05F4-5D98-42CB-94BF-BB23F42A7484}.Release|Any CPU.ActiveCfg = Release|Any CPU
		{4DCA05F4-5D98-42CB-94BF-BB23F42A7484}.Release|Any CPU.Build.0 = Release|Any CPU
		{4AE26239-7578-49CA-9F34-2D6971CDF0C4}.Debug|Any CPU.ActiveCfg = Debug|Any CPU
		{4AE26239-7578-49CA-9F34-2D6971CDF0C4}.Debug|Any CPU.Build.0 = Debug|Any CPU
		{4AE26239-7578-49CA-9F34-2D6971CDF0C4}.Release|Any CPU.ActiveCfg = Release|Any CPU
		{4AE26239-7578-49CA-9F34-2D6971CDF0C4}.Release|Any CPU.Build.0 = Release|Any CPU
		{751B2D2D-3CA9-4481-9817-5C22331A9E9B}.Debug|Any CPU.ActiveCfg = Debug|Any CPU
		{751B2D2D-3CA9-4481-9817-5C22331A9E9B}.Debug|Any CPU.Build.0 = Debug|Any CPU
		{751B2D2D-3CA9-4481-9817-5C22331A9E9B}.Release|Any CPU.ActiveCfg = Release|Any CPU
		{751B2D2D-3CA9-4481-9817-5C22331A9E9B}.Release|Any CPU.Build.0 = Release|Any CPU
		{4515966A-719F-4B79-BD7E-B4F686120BEB}.Debug|Any CPU.ActiveCfg = Debug|Any CPU
		{4515966A-719F-4B79-BD7E-B4F686120BEB}.Debug|Any CPU.Build.0 = Debug|Any CPU
		{4515966A-719F-4B79-BD7E-B4F686120BEB}.Release|Any CPU.ActiveCfg = Release|Any CPU
		{4515966A-719F-4B79-BD7E-B4F686120BEB}.Release|Any CPU.Build.0 = Release|Any CPU
	EndGlobalSection
	GlobalSection(SolutionProperties) = preSolution
		HideSolutionNode = FALSE
	EndGlobalSection
	GlobalSection(NestedProjects) = preSolution
		{060ED816-E328-4E3A-97D5-A616103CB01C} = {A0516935-8A34-4961-A41D-202C7BB54246}
		{AE049EA6-B64E-442B-8F10-0839B0EE8C00} = {A0516935-8A34-4961-A41D-202C7BB54246}
		{238319B7-C5DE-4A4C-B1C4-69FF9BC6CA05} = {060ED816-E328-4E3A-97D5-A616103CB01C}
		{5930BF8C-4201-4AEB-8703-AF30E7369D11} = {6FDC5B44-9106-4F42-AFC3-789CF8ED79BE}
		{4DCA05F4-5D98-42CB-94BF-BB23F42A7484} = {6FDC5B44-9106-4F42-AFC3-789CF8ED79BE}
		{4AE26239-7578-49CA-9F34-2D6971CDF0C4} = {AE049EA6-B64E-442B-8F10-0839B0EE8C00}
		{0FE7B478-F430-45C2-8C3B-CA3B47693B9D} = {A0516935-8A34-4961-A41D-202C7BB54246}
		{751B2D2D-3CA9-4481-9817-5C22331A9E9B} = {0FE7B478-F430-45C2-8C3B-CA3B47693B9D}
		{4515966A-719F-4B79-BD7E-B4F686120BEB} = {6FDC5B44-9106-4F42-AFC3-789CF8ED79BE}
	EndGlobalSection
	GlobalSection(ExtensibilityGlobals) = postSolution
		SolutionGuid = {1EF59D92-6850-41E1-AA8D-1A332BF98074}
	EndGlobalSection
EndGlobal
